
Microsoft Visual Studio Solution File, Format Version 12.00
# Visual Studio Version 17
VisualStudioVersion = 17.7.34031.279
MinimumVisualStudioVersion = 10.0.40219.1
Project("{FAE04EC0-301F-11D3-BF4B-00C04F79EFBC}") = "pomp", "pomp.csproj", "{569EBF65-4541-4DAF-A4FB-BAAE791FECED}"
EndProject
Global
	GlobalSection(SolutionConfigurationPlatforms) = preSolution
		Debug|Any CPU = Debug|Any CPU
		Release|Any CPU = Release|Any CPU
	EndGlobalSection
	GlobalSection(ProjectConfigurationPlatforms) = postSolution
		{569EBF65-4541-4DAF-A4FB-BAAE791FECED}.Debug|Any CPU.ActiveCfg = Debug|Any CPU
		{569EBF65-4541-4DAF-A4FB-BAAE791FECED}.Debug|Any CPU.Build.0 = Debug|Any CPU
		{569EBF65-4541-4DAF-A4FB-BAAE791FECED}.Release|Any CPU.ActiveCfg = Release|Any CPU
		{569EBF65-4541-4DAF-A4FB-BAAE791FECED}.Release|Any CPU.Build.0 = Release|Any CPU
	EndGlobalSection
	GlobalSection(SolutionProperties) = preSolution
		HideSolutionNode = FALSE
	EndGlobalSection
	GlobalSection(ExtensibilityGlobals) = postSolution
		SolutionGuid = {D0880C74-8492-40BD-91B4-0A738642CE9A}
	EndGlobalSection
EndGlobal
