
Microsoft Visual Studio Solution File, Format Version 12.00
# Visual Studio Version 17
VisualStudioVersion = 17.7.34031.279
MinimumVisualStudioVersion = 10.0.40219.1
Project("{FAE04EC0-301F-11D3-BF4B-00C04F79EFBC}") = "mandelTest", "mandelTest.csproj", "{C64C0519-3D02-4493-BF9C-3FD62EDF2455}"
EndProject
Global
	GlobalSection(SolutionConfigurationPlatforms) = preSolution
		Debug|Any CPU = Debug|Any CPU
		Release|Any CPU = Release|Any CPU
	EndGlobalSection
	GlobalSection(ProjectConfigurationPlatforms) = postSolution
		{C64C0519-3D02-4493-BF9C-3FD62EDF2455}.Debug|Any CPU.ActiveCfg = Debug|Any CPU
		{C64C0519-3D02-4493-BF9C-3FD62EDF2455}.Debug|Any CPU.Build.0 = Debug|Any CPU
		{C64C0519-3D02-4493-BF9C-3FD62EDF2455}.Release|Any CPU.ActiveCfg = Release|Any CPU
		{C64C0519-3D02-4493-BF9C-3FD62EDF2455}.Release|Any CPU.Build.0 = Release|Any CPU
	EndGlobalSection
	GlobalSection(SolutionProperties) = preSolution
		HideSolutionNode = FALSE
	EndGlobalSection
	GlobalSection(ExtensibilityGlobals) = postSolution
		SolutionGuid = {E61257E9-AA5A-45F5-BD39-0A7E87E5ECC5}
	EndGlobalSection
EndGlobal
