
Microsoft Visual Studio Solution File, Format Version 12.00
# Visual Studio Version 17
VisualStudioVersion = 17.7.34031.279
MinimumVisualStudioVersion = 10.0.40219.1
Project("{FAE04EC0-301F-11D3-BF4B-00C04F79EFBC}") = "oefenOpdrachten", "oefenOpdrachten.csproj", "{02C3ADC9-87B0-4055-891E-326203BDD595}"
EndProject
Global
	GlobalSection(SolutionConfigurationPlatforms) = preSolution
		Debug|Any CPU = Debug|Any CPU
		Release|Any CPU = Release|Any CPU
	EndGlobalSection
	GlobalSection(ProjectConfigurationPlatforms) = postSolution
		{02C3ADC9-87B0-4055-891E-326203BDD595}.Debug|Any CPU.ActiveCfg = Debug|Any CPU
		{02C3ADC9-87B0-4055-891E-326203BDD595}.Debug|Any CPU.Build.0 = Debug|Any CPU
		{02C3ADC9-87B0-4055-891E-326203BDD595}.Release|Any CPU.ActiveCfg = Release|Any CPU
		{02C3ADC9-87B0-4055-891E-326203BDD595}.Release|Any CPU.Build.0 = Release|Any CPU
	EndGlobalSection
	GlobalSection(SolutionProperties) = preSolution
		HideSolutionNode = FALSE
	EndGlobalSection
	GlobalSection(ExtensibilityGlobals) = postSolution
		SolutionGuid = {9E20D00E-16A4-43F1-9F8C-F861630D3C19}
	EndGlobalSection
EndGlobal
