
Microsoft Visual Studio Solution File, Format Version 12.00
# Visual Studio Version 17
VisualStudioVersion = 17.7.34031.279
MinimumVisualStudioVersion = 10.0.40219.1
Project("{FAE04EC0-301F-11D3-BF4B-00C04F79EFBC}") = "oefenStraal", "oefenStraal.csproj", "{3B256B4F-932A-49B3-B4CC-0B799CA5DC96}"
EndProject
Global
	GlobalSection(SolutionConfigurationPlatforms) = preSolution
		Debug|Any CPU = Debug|Any CPU
		Release|Any CPU = Release|Any CPU
	EndGlobalSection
	GlobalSection(ProjectConfigurationPlatforms) = postSolution
		{3B256B4F-932A-49B3-B4CC-0B799CA5DC96}.Debug|Any CPU.ActiveCfg = Debug|Any CPU
		{3B256B4F-932A-49B3-B4CC-0B799CA5DC96}.Debug|Any CPU.Build.0 = Debug|Any CPU
		{3B256B4F-932A-49B3-B4CC-0B799CA5DC96}.Release|Any CPU.ActiveCfg = Release|Any CPU
		{3B256B4F-932A-49B3-B4CC-0B799CA5DC96}.Release|Any CPU.Build.0 = Release|Any CPU
	EndGlobalSection
	GlobalSection(SolutionProperties) = preSolution
		HideSolutionNode = FALSE
	EndGlobalSection
	GlobalSection(ExtensibilityGlobals) = postSolution
		SolutionGuid = {CB8B937F-CD00-48C6-B50D-45B6A3EBF0E5}
	EndGlobalSection
EndGlobal
